
Microsoft Visual Studio Solution File, Format Version 12.00
# Visual Studio Version 16
VisualStudioVersion = 16.0.29326.143
MinimumVisualStudioVersion = 10.0.40219.1
Project("{FAE04EC0-301F-11D3-BF4B-00C04F79EFBC}") = "PS7-6", "PS7-6\PS7-6.csproj", "{79499320-3FC6-4042-9C96-3FFB0B65F8D0}"
EndProject
Global
	GlobalSection(SolutionConfigurationPlatforms) = preSolution
		Debug|Any CPU = Debug|Any CPU
		Release|Any CPU = Release|Any CPU
	EndGlobalSection
	GlobalSection(ProjectConfigurationPlatforms) = postSolution
		{79499320-3FC6-4042-9C96-3FFB0B65F8D0}.Debug|Any CPU.ActiveCfg = Debug|Any CPU
		{79499320-3FC6-4042-9C96-3FFB0B65F8D0}.Debug|Any CPU.Build.0 = Debug|Any CPU
		{79499320-3FC6-4042-9C96-3FFB0B65F8D0}.Release|Any CPU.ActiveCfg = Release|Any CPU
		{79499320-3FC6-4042-9C96-3FFB0B65F8D0}.Release|Any CPU.Build.0 = Release|Any CPU
	EndGlobalSection
	GlobalSection(SolutionProperties) = preSolution
		HideSolutionNode = FALSE
	EndGlobalSection
	GlobalSection(ExtensibilityGlobals) = postSolution
		SolutionGuid = {93AEAF02-86EA-4ABB-895C-61B456E3E546}
	EndGlobalSection
EndGlobal
