
Microsoft Visual Studio Solution File, Format Version 12.00
# Visual Studio Version 16
VisualStudioVersion = 16.0.29215.179
MinimumVisualStudioVersion = 10.0.40219.1
Project("{FAE04EC0-301F-11D3-BF4B-00C04F79EFBC}") = "Assignment PS1-4", "Assignment PS1-4\Assignment PS1-4.csproj", "{FCECA43C-F797-4DA2-BAE3-5DD6B372AFDA}"
EndProject
Global
	GlobalSection(SolutionConfigurationPlatforms) = preSolution
		Debug|Any CPU = Debug|Any CPU
		Release|Any CPU = Release|Any CPU
	EndGlobalSection
	GlobalSection(ProjectConfigurationPlatforms) = postSolution
		{FCECA43C-F797-4DA2-BAE3-5DD6B372AFDA}.Debug|Any CPU.ActiveCfg = Debug|Any CPU
		{FCECA43C-F797-4DA2-BAE3-5DD6B372AFDA}.Debug|Any CPU.Build.0 = Debug|Any CPU
		{FCECA43C-F797-4DA2-BAE3-5DD6B372AFDA}.Release|Any CPU.ActiveCfg = Release|Any CPU
		{FCECA43C-F797-4DA2-BAE3-5DD6B372AFDA}.Release|Any CPU.Build.0 = Release|Any CPU
	EndGlobalSection
	GlobalSection(SolutionProperties) = preSolution
		HideSolutionNode = FALSE
	EndGlobalSection
	GlobalSection(ExtensibilityGlobals) = postSolution
		SolutionGuid = {C08E30F3-9BB3-4482-8163-67D1CFE0FBE5}
	EndGlobalSection
EndGlobal
