
Microsoft Visual Studio Solution File, Format Version 12.00
# Visual Studio Version 16
VisualStudioVersion = 16.0.29509.3
MinimumVisualStudioVersion = 10.0.40219.1
Project("{FAE04EC0-301F-11D3-BF4B-00C04F79EFBC}") = "PS11-6", "PS11-6\PS11-6.csproj", "{1D59F23A-558E-4614-8B88-2C1A313891AF}"
EndProject
Global
	GlobalSection(SolutionConfigurationPlatforms) = preSolution
		Debug|Any CPU = Debug|Any CPU
		Release|Any CPU = Release|Any CPU
	EndGlobalSection
	GlobalSection(ProjectConfigurationPlatforms) = postSolution
		{1D59F23A-558E-4614-8B88-2C1A313891AF}.Debug|Any CPU.ActiveCfg = Debug|Any CPU
		{1D59F23A-558E-4614-8B88-2C1A313891AF}.Debug|Any CPU.Build.0 = Debug|Any CPU
		{1D59F23A-558E-4614-8B88-2C1A313891AF}.Release|Any CPU.ActiveCfg = Release|Any CPU
		{1D59F23A-558E-4614-8B88-2C1A313891AF}.Release|Any CPU.Build.0 = Release|Any CPU
	EndGlobalSection
	GlobalSection(SolutionProperties) = preSolution
		HideSolutionNode = FALSE
	EndGlobalSection
	GlobalSection(ExtensibilityGlobals) = postSolution
		SolutionGuid = {BD9252DF-4D1E-437A-A13A-FFE1B68F3DD7}
	EndGlobalSection
EndGlobal
